
Microsoft Visual Studio Solution File, Format Version 12.00
# Visual Studio Version 16
VisualStudioVersion = 16.0.31005.135
MinimumVisualStudioVersion = 10.0.40219.1
Project("{9A19103F-16F7-4668-BE54-9A1E7A4F7556}") = "PH7.ERP.API", "PH7.ERP.API\PH7.ERP.API.csproj", "{445C66DD-E59E-4B9B-BB99-2F46F8F3E5FD}"
EndProject
Project("{9A19103F-16F7-4668-BE54-9A1E7A4F7556}") = "PH7.ERP.BLL", "PH7.ERP.BLL\PH7.ERP.BLL.csproj", "{F6DABD16-4666-47C1-88E5-43D55967FB77}"
EndProject
Project("{9A19103F-16F7-4668-BE54-9A1E7A4F7556}") = "PH7.ERP.DAL", "PH7.ERP.DAL\PH7.ERP.DAL.csproj", "{036A9143-979E-4260-BB2F-82575E36F0A7}"
EndProject
Project("{9A19103F-16F7-4668-BE54-9A1E7A4F7556}") = "PH7.ERP.Model", "PH7.ERP.Model\PH7.ERP.Model.csproj", "{995B5AD0-E6B5-4BE1-8D50-942AE3C2D9A3}"
EndProject
Project("{9A19103F-16F7-4668-BE54-9A1E7A4F7556}") = "PH7.ERP.Common", "PH7.ERP.Common\PH7.ERP.Common.csproj", "{A0EAA75B-4657-4EEB-A489-BC6176E238F8}"
EndProject
Project("{2150E333-8FDC-42A3-9474-1A3956D46DE8}") = "01 API", "01 API", "{2519F6D0-6C9C-4836-94BA-181EEC483FE9}"
EndProject
Project("{2150E333-8FDC-42A3-9474-1A3956D46DE8}") = "02 BLL", "02 BLL", "{A1F23738-2460-475A-8016-FDD32759B227}"
EndProject
Project("{2150E333-8FDC-42A3-9474-1A3956D46DE8}") = "03 DAL", "03 DAL", "{F9CC77E3-8B3B-49F8-ADF3-6A872D7921E3}"
EndProject
Project("{2150E333-8FDC-42A3-9474-1A3956D46DE8}") = "04 Model", "04 Model", "{2FEBACEF-F936-47AA-AEA5-088AC8421547}"
EndProject
Project("{2150E333-8FDC-42A3-9474-1A3956D46DE8}") = "05 帮助类", "05 帮助类", "{5D27B0F6-4C41-4CBF-A8C8-FB2F91B64737}"
EndProject
Global
	GlobalSection(SolutionConfigurationPlatforms) = preSolution
		Debug|Any CPU = Debug|Any CPU
		Release|Any CPU = Release|Any CPU
	EndGlobalSection
	GlobalSection(ProjectConfigurationPlatforms) = postSolution
		{445C66DD-E59E-4B9B-BB99-2F46F8F3E5FD}.Debug|Any CPU.ActiveCfg = Debug|Any CPU
		{445C66DD-E59E-4B9B-BB99-2F46F8F3E5FD}.Debug|Any CPU.Build.0 = Debug|Any CPU
		{445C66DD-E59E-4B9B-BB99-2F46F8F3E5FD}.Release|Any CPU.ActiveCfg = Release|Any CPU
		{445C66DD-E59E-4B9B-BB99-2F46F8F3E5FD}.Release|Any CPU.Build.0 = Release|Any CPU
		{F6DABD16-4666-47C1-88E5-43D55967FB77}.Debug|Any CPU.ActiveCfg = Debug|Any CPU
		{F6DABD16-4666-47C1-88E5-43D55967FB77}.Debug|Any CPU.Build.0 = Debug|Any CPU
		{F6DABD16-4666-47C1-88E5-43D55967FB77}.Release|Any CPU.ActiveCfg = Release|Any CPU
		{F6DABD16-4666-47C1-88E5-43D55967FB77}.Release|Any CPU.Build.0 = Release|Any CPU
		{036A9143-979E-4260-BB2F-82575E36F0A7}.Debug|Any CPU.ActiveCfg = Debug|Any CPU
		{036A9143-979E-4260-BB2F-82575E36F0A7}.Debug|Any CPU.Build.0 = Debug|Any CPU
		{036A9143-979E-4260-BB2F-82575E36F0A7}.Release|Any CPU.ActiveCfg = Release|Any CPU
		{036A9143-979E-4260-BB2F-82575E36F0A7}.Release|Any CPU.Build.0 = Release|Any CPU
		{995B5AD0-E6B5-4BE1-8D50-942AE3C2D9A3}.Debug|Any CPU.ActiveCfg = Debug|Any CPU
		{995B5AD0-E6B5-4BE1-8D50-942AE3C2D9A3}.Debug|Any CPU.Build.0 = Debug|Any CPU
		{995B5AD0-E6B5-4BE1-8D50-942AE3C2D9A3}.Release|Any CPU.ActiveCfg = Release|Any CPU
		{995B5AD0-E6B5-4BE1-8D50-942AE3C2D9A3}.Release|Any CPU.Build.0 = Release|Any CPU
		{A0EAA75B-4657-4EEB-A489-BC6176E238F8}.Debug|Any CPU.ActiveCfg = Debug|Any CPU
		{A0EAA75B-4657-4EEB-A489-BC6176E238F8}.Debug|Any CPU.Build.0 = Debug|Any CPU
		{A0EAA75B-4657-4EEB-A489-BC6176E238F8}.Release|Any CPU.ActiveCfg = Release|Any CPU
		{A0EAA75B-4657-4EEB-A489-BC6176E238F8}.Release|Any CPU.Build.0 = Release|Any CPU
	EndGlobalSection
	GlobalSection(SolutionProperties) = preSolution
		HideSolutionNode = FALSE
	EndGlobalSection
	GlobalSection(NestedProjects) = preSolution
		{445C66DD-E59E-4B9B-BB99-2F46F8F3E5FD} = {2519F6D0-6C9C-4836-94BA-181EEC483FE9}
		{F6DABD16-4666-47C1-88E5-43D55967FB77} = {A1F23738-2460-475A-8016-FDD32759B227}
		{036A9143-979E-4260-BB2F-82575E36F0A7} = {F9CC77E3-8B3B-49F8-ADF3-6A872D7921E3}
		{995B5AD0-E6B5-4BE1-8D50-942AE3C2D9A3} = {2FEBACEF-F936-47AA-AEA5-088AC8421547}
		{A0EAA75B-4657-4EEB-A489-BC6176E238F8} = {5D27B0F6-4C41-4CBF-A8C8-FB2F91B64737}
	EndGlobalSection
	GlobalSection(ExtensibilityGlobals) = postSolution
		SolutionGuid = {F30EA85D-D029-4668-914B-F781753630AA}
	EndGlobalSection
EndGlobal
